lockfile_version: '1'
generated_at: '2026-07-27T20:54:24.379231+00:00'
apm_version: 0.26.0
dependencies:
- repo_url: ngicks/agents-package
  name: cc-workers
  host: github.com
  resolved_commit: 03e099478b891c183b7e46b23adc4cd9eb3d674d
  version: 0.0.1
  virtual_path: apm-package/cc-workers
  is_virtual: true
  package_type: marketplace_plugin
  deployed_files:
  - .agents/skills/ng-command-invoker
  - .agents/skills/ng-command-invoker/SKILL.md
  - .agents/skills/ng-explorer
  - .agents/skills/ng-explorer/SKILL.md
  - .agents/skills/ng-implementer
  - .agents/skills/ng-implementer/SKILL.md
  - .agents/skills/ng-orchestrator
  - .agents/skills/ng-orchestrator/SKILL.md
  - .agents/skills/ng-reviewer
  - .agents/skills/ng-reviewer/SKILL.md
  - .claude/agents/ng-command-invoker.md
  - .claude/agents/ng-explorer.md
  - .claude/agents/ng-implementer.md
  - .claude/agents/ng-reviewer.md
  - .claude/agents/ng-test-runner.md
  - .claude/skills/ng-command-invoker
  - .claude/skills/ng-command-invoker/SKILL.md
  - .claude/skills/ng-explorer
  - .claude/skills/ng-explorer/SKILL.md
  - .claude/skills/ng-implementer
  - .claude/skills/ng-implementer/SKILL.md
  - .claude/skills/ng-orchestrator
  - .claude/skills/ng-orchestrator/SKILL.md
  - .claude/skills/ng-reviewer
  - .claude/skills/ng-reviewer/SKILL.md
  - .codex/agents/ng-command-invoker.toml
  - .codex/agents/ng-explorer.toml
  - .codex/agents/ng-implementer.toml
  - .codex/agents/ng-reviewer.toml
  - .codex/agents/ng-test-runner.toml
  deployed_file_hashes:
    .agents/skills/ng-command-invoker/SKILL.md: sha256:f4048af82a2d5836b9ac77dbcdfd010ced96708476972c122fb55d18f6e16942
    .agents/skills/ng-explorer/SKILL.md: sha256:c9c1de9dbee6bfc8a3111bdffd456357c642434ef32a2276e085098eefdbf93e
    .agents/skills/ng-implementer/SKILL.md: sha256:36621805618a2911886ac2f1270142828ac13257c9fc5f5445e24fecd60117d0
    .agents/skills/ng-orchestrator/SKILL.md: sha256:0895ba83f8e703f424917d28ff7862369070e7e84cd8f18cf5c0a8ea44f3219a
    .agents/skills/ng-reviewer/SKILL.md: sha256:2f41acb378c29bb09c4ca1412311271ea331a3076cf699efb3bf433e69a73513
    .claude/agents/ng-command-invoker.md: sha256:2ebc19b040196a2bdcc1e7185897acf83e4392c3ec02747b72de32030d8185d8
    .claude/agents/ng-explorer.md: sha256:29095f6a95997443a7e0958045272966ee81b3b5c76252a66e2ac8178599f42c
    .claude/agents/ng-implementer.md: sha256:90118cdc367dca1c84adbffd5f03f2b796b2694a06f4e366a22b7042edeac189
    .claude/agents/ng-reviewer.md: sha256:273a02dddf8643c0102d9c16de537517d532563bf4749d2d29599a5ca4009abf
    .claude/agents/ng-test-runner.md: sha256:2b6b1188560b9749dd3910fd4fe3479398ceac59ee5d993f71a2a070167e250c
    .claude/skills/ng-command-invoker/SKILL.md: sha256:f4048af82a2d5836b9ac77dbcdfd010ced96708476972c122fb55d18f6e16942
    .claude/skills/ng-explorer/SKILL.md: sha256:c9c1de9dbee6bfc8a3111bdffd456357c642434ef32a2276e085098eefdbf93e
    .claude/skills/ng-implementer/SKILL.md: sha256:36621805618a2911886ac2f1270142828ac13257c9fc5f5445e24fecd60117d0
    .claude/skills/ng-orchestrator/SKILL.md: sha256:0895ba83f8e703f424917d28ff7862369070e7e84cd8f18cf5c0a8ea44f3219a
    .claude/skills/ng-reviewer/SKILL.md: sha256:2f41acb378c29bb09c4ca1412311271ea331a3076cf699efb3bf433e69a73513
    .codex/agents/ng-command-invoker.toml: sha256:71e65ace87b27b4fea573f0ffe84ce99652a33b0cab540b4f65e959b4489ac6b
    .codex/agents/ng-explorer.toml: sha256:9937070e48601b6356021b525856f4e7b95f3fc93b6e239fca5c06091b98279c
    .codex/agents/ng-implementer.toml: sha256:b4e25d1e0bc34c2682409ef73e5c636f332e08c66c29a00422e30da10d349950
    .codex/agents/ng-reviewer.toml: sha256:9d14ee18cc710b34acaa1c44cdbc9c5dbb7ee9897ec0ebf4a82313a16eec325d
    .codex/agents/ng-test-runner.toml: sha256:e121ea80d32dfd1c23fb4b17bbeb70a6a1b458d4a840db915a9e6300527ba3c2
  content_hash: sha256:1e423938cf391555f3b9439884fb181088525b049e87bd135c77cead5f1ab5fd
  declared_license: MIT
- repo_url: ngicks/agents-package
  name: go-vet-ngcheckers
  host: github.com
  resolved_commit: 03e099478b891c183b7e46b23adc4cd9eb3d674d
  version: 1.0.0
  virtual_path: hooks/go-vet-ngcheckers
  is_virtual: true
  package_type: hook_package
  content_hash: sha256:55d6da41fbbabb28f30bf4e4831443fe6b37cb970babb0ae86fca508dc488557
- repo_url: ngicks/agents-package
  name: golangci-lint-fmt-after-edit
  host: github.com
  resolved_commit: 03e099478b891c183b7e46b23adc4cd9eb3d674d
  version: 1.0.0
  virtual_path: hooks/golangci-lint-fmt-after-edit
  is_virtual: true
  package_type: hook_package
  content_hash: sha256:4f3e3ff72524079a224c23b05008f5a419c6bb7221e4fb8d7a5e9db2cea5f87c
- repo_url: ngicks/agents-package
  name: golangci-lint-run-after-edit
  host: github.com
  resolved_commit: 03e099478b891c183b7e46b23adc4cd9eb3d674d
  version: 1.0.0
  virtual_path: hooks/golangci-lint-run-after-edit
  is_virtual: true
  package_type: hook_package
  content_hash: sha256:65c244da3bcd072713d0d3f85027cedebb3b0eba43c574e14f9a6da65a1ab253
- repo_url: ngicks/agents-package
  name: agents-package-base-env
  host: github.com
  resolved_commit: 03e099478b891c183b7e46b23adc4cd9eb3d674d
  version: 1.0.0
  virtual_path: instructions/base-env.instructions.md
  is_virtual: true
  deployed_files:
  - .claude/rules/base-env.md
  deployed_file_hashes:
    .claude/rules/base-env.md: sha256:834357cef083e4933bd628ad77bd0a41d8009782a670d5120a843b66d37863e7
  content_hash: sha256:44b5990e571633f4e747bd19ca36580eee280ffb123e96833076bd6a402d3243
- repo_url: ngicks/agents-package
  name: agents-package-base-preference
  host: github.com
  resolved_commit: 03e099478b891c183b7e46b23adc4cd9eb3d674d
  version: 1.0.0
  virtual_path: instructions/base-preference.instructions.md
  is_virtual: true
  deployed_files:
  - .claude/rules/base-preference.md
  deployed_file_hashes:
    .claude/rules/base-preference.md: sha256:f441b983615ee07bf9167476f72dd32109552abee252081894f04a8edeb58968
  content_hash: sha256:516ffd805efdee4f30b949ec642f2e8aebeffcf6e31d7a27ea72e244ced97592
- repo_url: ngicks/agents-package
  name: agents-package-go-basics
  host: github.com
  resolved_commit: 03e099478b891c183b7e46b23adc4cd9eb3d674d
  version: 1.0.0
  virtual_path: instructions/go/go-basics.instructions.md
  is_virtual: true
  deployed_files:
  - .claude/rules/go-basics.md
  deployed_file_hashes:
    .claude/rules/go-basics.md: sha256:feb91c7f9c7fbb752df5390b000d2cc7a15e0397de5e40eaf8cfe37bf2896f34
  content_hash: sha256:66bae51c80e9bb324b7de4d9a7d451de94ce8eb3ec49620140a30efc2b1111c7
- repo_url: ngicks/agents-package
  name: agents-package-go-design-preference
  host: github.com
  resolved_commit: 03e099478b891c183b7e46b23adc4cd9eb3d674d
  version: 1.0.0
  virtual_path: instructions/go/go-design-preference.instructions.md
  is_virtual: true
  deployed_files:
  - .claude/rules/go-design-preference.md
  deployed_file_hashes:
    .claude/rules/go-design-preference.md: sha256:a64eff7fdc433701ef5ac33eff6bf76c131aa4d56473746314969e0060e3ce51
  content_hash: sha256:acb5b71d123138352a35ad26de872e6648b5ab60ad44531b47ee8eb863bee363
- repo_url: ngicks/agents-package
  name: go-check-outdated-patterns
  host: github.com
  resolved_commit: 03e099478b891c183b7e46b23adc4cd9eb3d674d
  version: unknown
  virtual_path: skills/go-check-outdated-patterns
  is_virtual: true
  package_type: claude_skill
  deployed_files:
  - .agents/skills/go-check-outdated-patterns
  - .agents/skills/go-check-outdated-patterns/SKILL.md
  - .claude/skills/go-check-outdated-patterns
  - .claude/skills/go-check-outdated-patterns/SKILL.md
  deployed_file_hashes:
    .agents/skills/go-check-outdated-patterns/SKILL.md: sha256:0447897fc0bb662776faa0d7455e9104efa19f6284034edd717d7cd679a4b839
    .claude/skills/go-check-outdated-patterns/SKILL.md: sha256:0447897fc0bb662776faa0d7455e9104efa19f6284034edd717d7cd679a4b839
  content_hash: sha256:a94ed31b24c332612dea8e116c226c95e189c0ff29fb2551fd67e094af673994
- repo_url: ngicks/agents-package
  name: go-edit-cobra
  host: github.com
  resolved_commit: 03e099478b891c183b7e46b23adc4cd9eb3d674d
  version: unknown
  virtual_path: skills/go-edit-cobra
  is_virtual: true
  package_type: claude_skill
  deployed_files:
  - .agents/skills/go-edit-cobra
  - .agents/skills/go-edit-cobra/SKILL.md
  - .agents/skills/go-edit-cobra/copy_helper.sh
  - .agents/skills/go-edit-cobra/helpers/internal/cmdsignals/signals.go
  - .agents/skills/go-edit-cobra/helpers/internal/cmdsignals/signals_test.go
  - .agents/skills/go-edit-cobra/helpers/internal/cmdsignals/signals_unix_test.go
  - .agents/skills/go-edit-cobra/helpers/internal/libver/libver.go
  - .agents/skills/go-edit-cobra/helpers/internal/loggerfactory/loggerfactory.go
  - .agents/skills/go-edit-cobra/helpers/internal/loggerfactory/loggerfactory_test.go
  - .agents/skills/go-edit-cobra/helpers/internal/stdiopipe/stdiopipe.go
  - .agents/skills/go-edit-cobra/helpers/internal/versioninfo/versioninfo.go
  - .agents/skills/go-edit-cobra/helpers/internal/versioninfo/versioninfo_test.go
  - .agents/skills/go-edit-cobra/reference/command-templates.md
  - .agents/skills/go-edit-cobra/reference/config-source.md
  - .agents/skills/go-edit-cobra/reference/configuration.md
  - .agents/skills/go-edit-cobra/reference/layout-and-naming.md
  - .agents/skills/go-edit-cobra/reference/versioning.md
  - .agents/skills/go-edit-cobra/reference/workflows.md
  - .claude/skills/go-edit-cobra
  - .claude/skills/go-edit-cobra/SKILL.md
  - .claude/skills/go-edit-cobra/copy_helper.sh
  - .claude/skills/go-edit-cobra/helpers/internal/cmdsignals/signals.go
  - .claude/skills/go-edit-cobra/helpers/internal/cmdsignals/signals_test.go
  - .claude/skills/go-edit-cobra/helpers/internal/cmdsignals/signals_unix_test.go
  - .claude/skills/go-edit-cobra/helpers/internal/libver/libver.go
  - .claude/skills/go-edit-cobra/helpers/internal/loggerfactory/loggerfactory.go
  - .claude/skills/go-edit-cobra/helpers/internal/loggerfactory/loggerfactory_test.go
  - .claude/skills/go-edit-cobra/helpers/internal/stdiopipe/stdiopipe.go
  - .claude/skills/go-edit-cobra/helpers/internal/versioninfo/versioninfo.go
  - .claude/skills/go-edit-cobra/helpers/internal/versioninfo/versioninfo_test.go
  - .claude/skills/go-edit-cobra/reference/command-templates.md
  - .claude/skills/go-edit-cobra/reference/config-source.md
  - .claude/skills/go-edit-cobra/reference/configuration.md
  - .claude/skills/go-edit-cobra/reference/layout-and-naming.md
  - .claude/skills/go-edit-cobra/reference/versioning.md
  - .claude/skills/go-edit-cobra/reference/workflows.md
  deployed_file_hashes:
    .agents/skills/go-edit-cobra/SKILL.md: sha256:9da4814840634cc69ae1de63a4f465aed98b7e74a3a1e5b8bdb0ee6f71367c6e
    .agents/skills/go-edit-cobra/copy_helper.sh: sha256:c5b783f7a958fafe27faa23bc0a8b01db20fd8d149405a5babeb6f95bfa2f081
    .agents/skills/go-edit-cobra/helpers/internal/cmdsignals/signals.go: sha256:d82e84daa15be3c56db97aed58aaf1895fbe55154120bd7bb05832b5b1c8e963
    .agents/skills/go-edit-cobra/helpers/internal/cmdsignals/signals_test.go: sha256:66bfbf54bec285adf985bb456e2a7d736f87679dda59f7eceb4fcee83e7a857c
    .agents/skills/go-edit-cobra/helpers/internal/cmdsignals/signals_unix_test.go: sha256:ce7bc788742b255401c06a926ef3de9b8870bbb6838be443362d637e38c2b94b
    .agents/skills/go-edit-cobra/helpers/internal/libver/libver.go: sha256:d2b05b0665e3f934d220aa5faa97fb4bd56015464b9bd3587a7e9833a3930704
    .agents/skills/go-edit-cobra/helpers/internal/loggerfactory/loggerfactory.go: sha256:3c2f96965b17431d4571ee3be2bf4a5989a3d64e0af7490d24a8a827610af9c1
    .agents/skills/go-edit-cobra/helpers/internal/loggerfactory/loggerfactory_test.go: sha256:ab86fcf79ac087242031c4e5cc34cec9f94ef953dc91910af02c5f559a1cece9
    .agents/skills/go-edit-cobra/helpers/internal/stdiopipe/stdiopipe.go: sha256:21d0ce3299739b34ff662eb2a9aca802a1ae8afc3dee2104d3026e1b11431f52
    .agents/skills/go-edit-cobra/helpers/internal/versioninfo/versioninfo.go: sha256:868466c7405790ded473d8176ee6d9661387decf1ef66a5d1cea35acd8ac4aab
    .agents/skills/go-edit-cobra/helpers/internal/versioninfo/versioninfo_test.go: sha256:13a97e51882aba0594fc7e0d9702af6c1c1041565fc9e0205777d53924b4546e
    .agents/skills/go-edit-cobra/reference/command-templates.md: sha256:341a669add4251280cb8c4f831aec44b1a86c82c8c3df321e3797c93e6f96ad1
    .agents/skills/go-edit-cobra/reference/config-source.md: sha256:3eae2873d83a2c54de16b8170ba49a33bd3ea1305c65736414b5e399ed97e9ec
    .agents/skills/go-edit-cobra/reference/configuration.md: sha256:f7f96ed5959a4b27d2895ff9e79e3dc17786bc0a79fb4e56f3fe82e295e04f2f
    .agents/skills/go-edit-cobra/reference/layout-and-naming.md: sha256:f0584a8ed19c7beef252bb031959c3a00428becae92a8a5d85b9cd3a06a50097
    .agents/skills/go-edit-cobra/reference/versioning.md: sha256:4133c288ba645b35dc0c3e3c097cdce46a82915ff0de1c2d5ce81d5f7d8aa6ca
    .agents/skills/go-edit-cobra/reference/workflows.md: sha256:fd4d56982020fdc71ce2c1dd098963669a82b9d3f5e4b55dfadc3d12bce66ffb
    .claude/skills/go-edit-cobra/SKILL.md: sha256:9da4814840634cc69ae1de63a4f465aed98b7e74a3a1e5b8bdb0ee6f71367c6e
    .claude/skills/go-edit-cobra/copy_helper.sh: sha256:c5b783f7a958fafe27faa23bc0a8b01db20fd8d149405a5babeb6f95bfa2f081
    .claude/skills/go-edit-cobra/helpers/internal/cmdsignals/signals.go: sha256:d82e84daa15be3c56db97aed58aaf1895fbe55154120bd7bb05832b5b1c8e963
    .claude/skills/go-edit-cobra/helpers/internal/cmdsignals/signals_test.go: sha256:66bfbf54bec285adf985bb456e2a7d736f87679dda59f7eceb4fcee83e7a857c
    .claude/skills/go-edit-cobra/helpers/internal/cmdsignals/signals_unix_test.go: sha256:ce7bc788742b255401c06a926ef3de9b8870bbb6838be443362d637e38c2b94b
    .claude/skills/go-edit-cobra/helpers/internal/libver/libver.go: sha256:d2b05b0665e3f934d220aa5faa97fb4bd56015464b9bd3587a7e9833a3930704
    .claude/skills/go-edit-cobra/helpers/internal/loggerfactory/loggerfactory.go: sha256:3c2f96965b17431d4571ee3be2bf4a5989a3d64e0af7490d24a8a827610af9c1
    .claude/skills/go-edit-cobra/helpers/internal/loggerfactory/loggerfactory_test.go: sha256:ab86fcf79ac087242031c4e5cc34cec9f94ef953dc91910af02c5f559a1cece9
    .claude/skills/go-edit-cobra/helpers/internal/stdiopipe/stdiopipe.go: sha256:21d0ce3299739b34ff662eb2a9aca802a1ae8afc3dee2104d3026e1b11431f52
    .claude/skills/go-edit-cobra/helpers/internal/versioninfo/versioninfo.go: sha256:868466c7405790ded473d8176ee6d9661387decf1ef66a5d1cea35acd8ac4aab
    .claude/skills/go-edit-cobra/helpers/internal/versioninfo/versioninfo_test.go: sha256:13a97e51882aba0594fc7e0d9702af6c1c1041565fc9e0205777d53924b4546e
    .claude/skills/go-edit-cobra/reference/command-templates.md: sha256:341a669add4251280cb8c4f831aec44b1a86c82c8c3df321e3797c93e6f96ad1
    .claude/skills/go-edit-cobra/reference/config-source.md: sha256:3eae2873d83a2c54de16b8170ba49a33bd3ea1305c65736414b5e399ed97e9ec
    .claude/skills/go-edit-cobra/reference/configuration.md: sha256:f7f96ed5959a4b27d2895ff9e79e3dc17786bc0a79fb4e56f3fe82e295e04f2f
    .claude/skills/go-edit-cobra/reference/layout-and-naming.md: sha256:f0584a8ed19c7beef252bb031959c3a00428becae92a8a5d85b9cd3a06a50097
    .claude/skills/go-edit-cobra/reference/versioning.md: sha256:4133c288ba645b35dc0c3e3c097cdce46a82915ff0de1c2d5ce81d5f7d8aa6ca
    .claude/skills/go-edit-cobra/reference/workflows.md: sha256:fd4d56982020fdc71ce2c1dd098963669a82b9d3f5e4b55dfadc3d12bce66ffb
  content_hash: sha256:c0105b098fd268a93779e23994f7bce26dcf71c943cc29af0bdc77bae33e8d48
- repo_url: ngicks/agents-package
  name: go-review-checklist
  host: github.com
  resolved_commit: 03e099478b891c183b7e46b23adc4cd9eb3d674d
  version: unknown
  virtual_path: skills/go-review-checklist
  is_virtual: true
  package_type: claude_skill
  deployed_files:
  - .agents/skills/go-review-checklist
  - .agents/skills/go-review-checklist/SKILL.md
  - .claude/skills/go-review-checklist
  - .claude/skills/go-review-checklist/SKILL.md
  deployed_file_hashes:
    .agents/skills/go-review-checklist/SKILL.md: sha256:52de3b2cd7351578e72c38574090e75054032a3cfa9b61a4afcff090d1897fd5
    .claude/skills/go-review-checklist/SKILL.md: sha256:52de3b2cd7351578e72c38574090e75054032a3cfa9b61a4afcff090d1897fd5
  content_hash: sha256:d1f2432180ac2de13a6a23d83bb879f5c1c552218f7cf55aea9af4c6ffe51f92
- repo_url: ngicks/agents-package
  name: ngplan
  host: github.com
  resolved_commit: 03e099478b891c183b7e46b23adc4cd9eb3d674d
  version: unknown
  virtual_path: skills/ngplan
  is_virtual: true
  package_type: claude_skill
  deployed_files:
  - .agents/skills/ngplan
  - .agents/skills/ngplan/SKILL.md
  - .claude/skills/ngplan
  - .claude/skills/ngplan/SKILL.md
  deployed_file_hashes:
    .agents/skills/ngplan/SKILL.md: sha256:ec573a5b5d0b6c61e0738c91c8d768953af9d407b86f122113b3d8b9ca07d7a0
    .claude/skills/ngplan/SKILL.md: sha256:ec573a5b5d0b6c61e0738c91c8d768953af9d407b86f122113b3d8b9ca07d7a0
  content_hash: sha256:96a6356649a8569043582fc6d87a18eec5c498b9696013d6965165edee5d0489
deployments:
- kind: project-relative
  target: claude
  value: .claude/agents/ng-command-invoker.md
  runtime: null
  scope: project
  owners:
  - ngicks/agents-package/apm-package/cc-workers
  active_owner: ngicks/agents-package/apm-package/cc-workers
  content_hash: sha256:2ebc19b040196a2bdcc1e7185897acf83e4392c3ec02747b72de32030d8185d8
- kind: project-relative
  target: claude
  value: .claude/agents/ng-explorer.md
  runtime: null
  scope: project
  owners:
  - ngicks/agents-package/apm-package/cc-workers
  active_owner: ngicks/agents-package/apm-package/cc-workers
  content_hash: sha256:29095f6a95997443a7e0958045272966ee81b3b5c76252a66e2ac8178599f42c
- kind: project-relative
  target: claude
  value: .claude/agents/ng-implementer.md
  runtime: null
  scope: project
  owners:
  - ngicks/agents-package/apm-package/cc-workers
  active_owner: ngicks/agents-package/apm-package/cc-workers
  content_hash: sha256:90118cdc367dca1c84adbffd5f03f2b796b2694a06f4e366a22b7042edeac189
- kind: project-relative
  target: claude
  value: .claude/agents/ng-reviewer.md
  runtime: null
  scope: project
  owners:
  - ngicks/agents-package/apm-package/cc-workers
  active_owner: ngicks/agents-package/apm-package/cc-workers
  content_hash: sha256:273a02dddf8643c0102d9c16de537517d532563bf4749d2d29599a5ca4009abf
- kind: project-relative
  target: claude
  value: .claude/agents/ng-test-runner.md
  runtime: null
  scope: project
  owners:
  - ngicks/agents-package/apm-package/cc-workers
  active_owner: ngicks/agents-package/apm-package/cc-workers
  content_hash: sha256:2b6b1188560b9749dd3910fd4fe3479398ceac59ee5d993f71a2a070167e250c
- kind: project-relative
  target: claude
  value: .claude/rules/base-env.md
  runtime: null
  scope: project
  owners:
  - ngicks/agents-package/instructions/base-env.instructions.md
  active_owner: ngicks/agents-package/instructions/base-env.instructions.md
  content_hash: sha256:834357cef083e4933bd628ad77bd0a41d8009782a670d5120a843b66d37863e7
- kind: project-relative
  target: claude
  value: .claude/rules/base-preference.md
  runtime: null
  scope: project
  owners:
  - ngicks/agents-package/instructions/base-preference.instructions.md
  active_owner: ngicks/agents-package/instructions/base-preference.instructions.md
  content_hash: sha256:f441b983615ee07bf9167476f72dd32109552abee252081894f04a8edeb58968
- kind: project-relative
  target: claude
  value: .claude/rules/go-basics.md
  runtime: null
  scope: project
  owners:
  - ngicks/agents-package/instructions/go/go-basics.instructions.md
  active_owner: ngicks/agents-package/instructions/go/go-basics.instructions.md
  content_hash: sha256:feb91c7f9c7fbb752df5390b000d2cc7a15e0397de5e40eaf8cfe37bf2896f34
- kind: project-relative
  target: claude
  value: .claude/rules/go-design-preference.md
  runtime: null
  scope: project
  owners:
  - ngicks/agents-package/instructions/go/go-design-preference.instructions.md
  active_owner: ngicks/agents-package/instructions/go/go-design-preference.instructions.md
  content_hash: sha256:a64eff7fdc433701ef5ac33eff6bf76c131aa4d56473746314969e0060e3ce51
- kind: project-relative
  target: claude
  value: .claude/skills/go-check-outdated-patterns
  runtime: null
  scope: project
  owners:
  - ngicks/agents-package/skills/go-check-outdated-patterns
  active_owner: ngicks/agents-package/skills/go-check-outdated-patterns
  content_hash: null
- kind: project-relative
  target: claude
  value: .claude/skills/go-check-outdated-patterns/SKILL.md
  runtime: null
  scope: project
  owners:
  - ngicks/agents-package/skills/go-check-outdated-patterns
  active_owner: ngicks/agents-package/skills/go-check-outdated-patterns
  content_hash: sha256:0447897fc0bb662776faa0d7455e9104efa19f6284034edd717d7cd679a4b839
- kind: project-relative
  target: claude
  value: .claude/skills/go-edit-cobra
  runtime: null
  scope: project
  owners:
  - ngicks/agents-package/skills/go-edit-cobra
  active_owner: ngicks/agents-package/skills/go-edit-cobra
  content_hash: null
- kind: project-relative
  target: claude
  value: .claude/skills/go-edit-cobra/SKILL.md
  runtime: null
  scope: project
  owners:
  - ngicks/agents-package/skills/go-edit-cobra
  active_owner: ngicks/agents-package/skills/go-edit-cobra
  content_hash: sha256:9da4814840634cc69ae1de63a4f465aed98b7e74a3a1e5b8bdb0ee6f71367c6e
- kind: project-relative
  target: claude
  value: .claude/skills/go-edit-cobra/copy_helper.sh
  runtime: null
  scope: project
  owners:
  - ngicks/agents-package/skills/go-edit-cobra
  active_owner: ngicks/agents-package/skills/go-edit-cobra
  content_hash: sha256:c5b783f7a958fafe27faa23bc0a8b01db20fd8d149405a5babeb6f95bfa2f081
- kind: project-relative
  target: claude
  value: .claude/skills/go-edit-cobra/helpers/internal/cmdsignals/signals.go
  runtime: null
  scope: project
  owners:
  - ngicks/agents-package/skills/go-edit-cobra
  active_owner: ngicks/agents-package/skills/go-edit-cobra
  content_hash: sha256:d82e84daa15be3c56db97aed58aaf1895fbe55154120bd7bb05832b5b1c8e963
- kind: project-relative
  target: claude
  value: .claude/skills/go-edit-cobra/helpers/internal/cmdsignals/signals_test.go
  runtime: null
  scope: project
  owners:
  - ngicks/agents-package/skills/go-edit-cobra
  active_owner: ngicks/agents-package/skills/go-edit-cobra
  content_hash: sha256:66bfbf54bec285adf985bb456e2a7d736f87679dda59f7eceb4fcee83e7a857c
- kind: project-relative
  target: claude
  value: .claude/skills/go-edit-cobra/helpers/internal/cmdsignals/signals_unix_test.go
  runtime: null
  scope: project
  owners:
  - ngicks/agents-package/skills/go-edit-cobra
  active_owner: ngicks/agents-package/skills/go-edit-cobra
  content_hash: sha256:ce7bc788742b255401c06a926ef3de9b8870bbb6838be443362d637e38c2b94b
- kind: project-relative
  target: claude
  value: .claude/skills/go-edit-cobra/helpers/internal/libver/libver.go
  runtime: null
  scope: project
  owners:
  - ngicks/agents-package/skills/go-edit-cobra
  active_owner: ngicks/agents-package/skills/go-edit-cobra
  content_hash: sha256:d2b05b0665e3f934d220aa5faa97fb4bd56015464b9bd3587a7e9833a3930704
- kind: project-relative
  target: claude
  value: .claude/skills/go-edit-cobra/helpers/internal/loggerfactory/loggerfactory.go
  runtime: null
  scope: project
  owners:
  - ngicks/agents-package/skills/go-edit-cobra
  active_owner: ngicks/agents-package/skills/go-edit-cobra
  content_hash: sha256:3c2f96965b17431d4571ee3be2bf4a5989a3d64e0af7490d24a8a827610af9c1
- kind: project-relative
  target: claude
  value: .claude/skills/go-edit-cobra/helpers/internal/loggerfactory/loggerfactory_test.go
  runtime: null
  scope: project
  owners:
  - ngicks/agents-package/skills/go-edit-cobra
  active_owner: ngicks/agents-package/skills/go-edit-cobra
  content_hash: sha256:ab86fcf79ac087242031c4e5cc34cec9f94ef953dc91910af02c5f559a1cece9
- kind: project-relative
  target: claude
  value: .claude/skills/go-edit-cobra/helpers/internal/stdiopipe/stdiopipe.go
  runtime: null
  scope: project
  owners:
  - ngicks/agents-package/skills/go-edit-cobra
  active_owner: ngicks/agents-package/skills/go-edit-cobra
  content_hash: sha256:21d0ce3299739b34ff662eb2a9aca802a1ae8afc3dee2104d3026e1b11431f52
- kind: project-relative
  target: claude
  value: .claude/skills/go-edit-cobra/helpers/internal/versioninfo/versioninfo.go
  runtime: null
  scope: project
  owners:
  - ngicks/agents-package/skills/go-edit-cobra
  active_owner: ngicks/agents-package/skills/go-edit-cobra
  content_hash: sha256:868466c7405790ded473d8176ee6d9661387decf1ef66a5d1cea35acd8ac4aab
- kind: project-relative
  target: claude
  value: .claude/skills/go-edit-cobra/helpers/internal/versioninfo/versioninfo_test.go
  runtime: null
  scope: project
  owners:
  - ngicks/agents-package/skills/go-edit-cobra
  active_owner: ngicks/agents-package/skills/go-edit-cobra
  content_hash: sha256:13a97e51882aba0594fc7e0d9702af6c1c1041565fc9e0205777d53924b4546e
- kind: project-relative
  target: claude
  value: .claude/skills/go-edit-cobra/reference/command-templates.md
  runtime: null
  scope: project
  owners:
  - ngicks/agents-package/skills/go-edit-cobra
  active_owner: ngicks/agents-package/skills/go-edit-cobra
  content_hash: sha256:341a669add4251280cb8c4f831aec44b1a86c82c8c3df321e3797c93e6f96ad1
- kind: project-relative
  target: claude
  value: .claude/skills/go-edit-cobra/reference/config-source.md
  runtime: null
  scope: project
  owners:
  - ngicks/agents-package/skills/go-edit-cobra
  active_owner: ngicks/agents-package/skills/go-edit-cobra
  content_hash: sha256:3eae2873d83a2c54de16b8170ba49a33bd3ea1305c65736414b5e399ed97e9ec
- kind: project-relative
  target: claude
  value: .claude/skills/go-edit-cobra/reference/configuration.md
  runtime: null
  scope: project
  owners:
  - ngicks/agents-package/skills/go-edit-cobra
  active_owner: ngicks/agents-package/skills/go-edit-cobra
  content_hash: sha256:f7f96ed5959a4b27d2895ff9e79e3dc17786bc0a79fb4e56f3fe82e295e04f2f
- kind: project-relative
  target: claude
  value: .claude/skills/go-edit-cobra/reference/layout-and-naming.md
  runtime: null
  scope: project
  owners:
  - ngicks/agents-package/skills/go-edit-cobra
  active_owner: ngicks/agents-package/skills/go-edit-cobra
  content_hash: sha256:f0584a8ed19c7beef252bb031959c3a00428becae92a8a5d85b9cd3a06a50097
- kind: project-relative
  target: claude
  value: .claude/skills/go-edit-cobra/reference/versioning.md
  runtime: null
  scope: project
  owners:
  - ngicks/agents-package/skills/go-edit-cobra
  active_owner: ngicks/agents-package/skills/go-edit-cobra
  content_hash: sha256:4133c288ba645b35dc0c3e3c097cdce46a82915ff0de1c2d5ce81d5f7d8aa6ca
- kind: project-relative
  target: claude
  value: .claude/skills/go-edit-cobra/reference/workflows.md
  runtime: null
  scope: project
  owners:
  - ngicks/agents-package/skills/go-edit-cobra
  active_owner: ngicks/agents-package/skills/go-edit-cobra
  content_hash: sha256:fd4d56982020fdc71ce2c1dd098963669a82b9d3f5e4b55dfadc3d12bce66ffb
- kind: project-relative
  target: claude
  value: .claude/skills/go-review-checklist
  runtime: null
  scope: project
  owners:
  - ngicks/agents-package/skills/go-review-checklist
  active_owner: ngicks/agents-package/skills/go-review-checklist
  content_hash: null
- kind: project-relative
  target: claude
  value: .claude/skills/go-review-checklist/SKILL.md
  runtime: null
  scope: project
  owners:
  - ngicks/agents-package/skills/go-review-checklist
  active_owner: ngicks/agents-package/skills/go-review-checklist
  content_hash: sha256:52de3b2cd7351578e72c38574090e75054032a3cfa9b61a4afcff090d1897fd5
- kind: project-relative
  target: claude
  value: .claude/skills/ng-command-invoker
  runtime: null
  scope: project
  owners:
  - ngicks/agents-package/apm-package/cc-workers
  active_owner: ngicks/agents-package/apm-package/cc-workers
  content_hash: null
- kind: project-relative
  target: claude
  value: .claude/skills/ng-command-invoker/SKILL.md
  runtime: null
  scope: project
  owners:
  - ngicks/agents-package/apm-package/cc-workers
  active_owner: ngicks/agents-package/apm-package/cc-workers
  content_hash: sha256:f4048af82a2d5836b9ac77dbcdfd010ced96708476972c122fb55d18f6e16942
- kind: project-relative
  target: claude
  value: .claude/skills/ng-explorer
  runtime: null
  scope: project
  owners:
  - ngicks/agents-package/apm-package/cc-workers
  active_owner: ngicks/agents-package/apm-package/cc-workers
  content_hash: null
- kind: project-relative
  target: claude
  value: .claude/skills/ng-explorer/SKILL.md
  runtime: null
  scope: project
  owners:
  - ngicks/agents-package/apm-package/cc-workers
  active_owner: ngicks/agents-package/apm-package/cc-workers
  content_hash: sha256:c9c1de9dbee6bfc8a3111bdffd456357c642434ef32a2276e085098eefdbf93e
- kind: project-relative
  target: claude
  value: .claude/skills/ng-implementer
  runtime: null
  scope: project
  owners:
  - ngicks/agents-package/apm-package/cc-workers
  active_owner: ngicks/agents-package/apm-package/cc-workers
  content_hash: null
- kind: project-relative
  target: claude
  value: .claude/skills/ng-implementer/SKILL.md
  runtime: null
  scope: project
  owners:
  - ngicks/agents-package/apm-package/cc-workers
  active_owner: ngicks/agents-package/apm-package/cc-workers
  content_hash: sha256:36621805618a2911886ac2f1270142828ac13257c9fc5f5445e24fecd60117d0
- kind: project-relative
  target: claude
  value: .claude/skills/ng-orchestrator
  runtime: null
  scope: project
  owners:
  - ngicks/agents-package/apm-package/cc-workers
  active_owner: ngicks/agents-package/apm-package/cc-workers
  content_hash: null
- kind: project-relative
  target: claude
  value: .claude/skills/ng-orchestrator/SKILL.md
  runtime: null
  scope: project
  owners:
  - ngicks/agents-package/apm-package/cc-workers
  active_owner: ngicks/agents-package/apm-package/cc-workers
  content_hash: sha256:0895ba83f8e703f424917d28ff7862369070e7e84cd8f18cf5c0a8ea44f3219a
- kind: project-relative
  target: claude
  value: .claude/skills/ng-reviewer
  runtime: null
  scope: project
  owners:
  - ngicks/agents-package/apm-package/cc-workers
  active_owner: ngicks/agents-package/apm-package/cc-workers
  content_hash: null
- kind: project-relative
  target: claude
  value: .claude/skills/ng-reviewer/SKILL.md
  runtime: null
  scope: project
  owners:
  - ngicks/agents-package/apm-package/cc-workers
  active_owner: ngicks/agents-package/apm-package/cc-workers
  content_hash: sha256:2f41acb378c29bb09c4ca1412311271ea331a3076cf699efb3bf433e69a73513
- kind: project-relative
  target: claude
  value: .claude/skills/ngplan
  runtime: null
  scope: project
  owners:
  - ngicks/agents-package/skills/ngplan
  active_owner: ngicks/agents-package/skills/ngplan
  content_hash: null
- kind: project-relative
  target: claude
  value: .claude/skills/ngplan/SKILL.md
  runtime: null
  scope: project
  owners:
  - ngicks/agents-package/skills/ngplan
  active_owner: ngicks/agents-package/skills/ngplan
  content_hash: sha256:ec573a5b5d0b6c61e0738c91c8d768953af9d407b86f122113b3d8b9ca07d7a0
- kind: project-relative
  target: codex
  value: .agents/skills/go-check-outdated-patterns
  runtime: null
  scope: project
  owners:
  - ngicks/agents-package/skills/go-check-outdated-patterns
  active_owner: ngicks/agents-package/skills/go-check-outdated-patterns
  content_hash: null
- kind: project-relative
  target: codex
  value: .agents/skills/go-check-outdated-patterns/SKILL.md
  runtime: null
  scope: project
  owners:
  - ngicks/agents-package/skills/go-check-outdated-patterns
  active_owner: ngicks/agents-package/skills/go-check-outdated-patterns
  content_hash: sha256:0447897fc0bb662776faa0d7455e9104efa19f6284034edd717d7cd679a4b839
- kind: project-relative
  target: codex
  value: .agents/skills/go-edit-cobra
  runtime: null
  scope: project
  owners:
  - ngicks/agents-package/skills/go-edit-cobra
  active_owner: ngicks/agents-package/skills/go-edit-cobra
  content_hash: null
- kind: project-relative
  target: codex
  value: .agents/skills/go-edit-cobra/SKILL.md
  runtime: null
  scope: project
  owners:
  - ngicks/agents-package/skills/go-edit-cobra
  active_owner: ngicks/agents-package/skills/go-edit-cobra
  content_hash: sha256:9da4814840634cc69ae1de63a4f465aed98b7e74a3a1e5b8bdb0ee6f71367c6e
- kind: project-relative
  target: codex
  value: .agents/skills/go-edit-cobra/copy_helper.sh
  runtime: null
  scope: project
  owners:
  - ngicks/agents-package/skills/go-edit-cobra
  active_owner: ngicks/agents-package/skills/go-edit-cobra
  content_hash: sha256:c5b783f7a958fafe27faa23bc0a8b01db20fd8d149405a5babeb6f95bfa2f081
- kind: project-relative
  target: codex
  value: .agents/skills/go-edit-cobra/helpers/internal/cmdsignals/signals.go
  runtime: null
  scope: project
  owners:
  - ngicks/agents-package/skills/go-edit-cobra
  active_owner: ngicks/agents-package/skills/go-edit-cobra
  content_hash: sha256:d82e84daa15be3c56db97aed58aaf1895fbe55154120bd7bb05832b5b1c8e963
- kind: project-relative
  target: codex
  value: .agents/skills/go-edit-cobra/helpers/internal/cmdsignals/signals_test.go
  runtime: null
  scope: project
  owners:
  - ngicks/agents-package/skills/go-edit-cobra
  active_owner: ngicks/agents-package/skills/go-edit-cobra
  content_hash: sha256:66bfbf54bec285adf985bb456e2a7d736f87679dda59f7eceb4fcee83e7a857c
- kind: project-relative
  target: codex
  value: .agents/skills/go-edit-cobra/helpers/internal/cmdsignals/signals_unix_test.go
  runtime: null
  scope: project
  owners:
  - ngicks/agents-package/skills/go-edit-cobra
  active_owner: ngicks/agents-package/skills/go-edit-cobra
  content_hash: sha256:ce7bc788742b255401c06a926ef3de9b8870bbb6838be443362d637e38c2b94b
- kind: project-relative
  target: codex
  value: .agents/skills/go-edit-cobra/helpers/internal/libver/libver.go
  runtime: null
  scope: project
  owners:
  - ngicks/agents-package/skills/go-edit-cobra
  active_owner: ngicks/agents-package/skills/go-edit-cobra
  content_hash: sha256:d2b05b0665e3f934d220aa5faa97fb4bd56015464b9bd3587a7e9833a3930704
- kind: project-relative
  target: codex
  value: .agents/skills/go-edit-cobra/helpers/internal/loggerfactory/loggerfactory.go
  runtime: null
  scope: project
  owners:
  - ngicks/agents-package/skills/go-edit-cobra
  active_owner: ngicks/agents-package/skills/go-edit-cobra
  content_hash: sha256:3c2f96965b17431d4571ee3be2bf4a5989a3d64e0af7490d24a8a827610af9c1
- kind: project-relative
  target: codex
  value: .agents/skills/go-edit-cobra/helpers/internal/loggerfactory/loggerfactory_test.go
  runtime: null
  scope: project
  owners:
  - ngicks/agents-package/skills/go-edit-cobra
  active_owner: ngicks/agents-package/skills/go-edit-cobra
  content_hash: sha256:ab86fcf79ac087242031c4e5cc34cec9f94ef953dc91910af02c5f559a1cece9
- kind: project-relative
  target: codex
  value: .agents/skills/go-edit-cobra/helpers/internal/stdiopipe/stdiopipe.go
  runtime: null
  scope: project
  owners:
  - ngicks/agents-package/skills/go-edit-cobra
  active_owner: ngicks/agents-package/skills/go-edit-cobra
  content_hash: sha256:21d0ce3299739b34ff662eb2a9aca802a1ae8afc3dee2104d3026e1b11431f52
- kind: project-relative
  target: codex
  value: .agents/skills/go-edit-cobra/helpers/internal/versioninfo/versioninfo.go
  runtime: null
  scope: project
  owners:
  - ngicks/agents-package/skills/go-edit-cobra
  active_owner: ngicks/agents-package/skills/go-edit-cobra
  content_hash: sha256:868466c7405790ded473d8176ee6d9661387decf1ef66a5d1cea35acd8ac4aab
- kind: project-relative
  target: codex
  value: .agents/skills/go-edit-cobra/helpers/internal/versioninfo/versioninfo_test.go
  runtime: null
  scope: project
  owners:
  - ngicks/agents-package/skills/go-edit-cobra
  active_owner: ngicks/agents-package/skills/go-edit-cobra
  content_hash: sha256:13a97e51882aba0594fc7e0d9702af6c1c1041565fc9e0205777d53924b4546e
- kind: project-relative
  target: codex
  value: .agents/skills/go-edit-cobra/reference/command-templates.md
  runtime: null
  scope: project
  owners:
  - ngicks/agents-package/skills/go-edit-cobra
  active_owner: ngicks/agents-package/skills/go-edit-cobra
  content_hash: sha256:341a669add4251280cb8c4f831aec44b1a86c82c8c3df321e3797c93e6f96ad1
- kind: project-relative
  target: codex
  value: .agents/skills/go-edit-cobra/reference/config-source.md
  runtime: null
  scope: project
  owners:
  - ngicks/agents-package/skills/go-edit-cobra
  active_owner: ngicks/agents-package/skills/go-edit-cobra
  content_hash: sha256:3eae2873d83a2c54de16b8170ba49a33bd3ea1305c65736414b5e399ed97e9ec
- kind: project-relative
  target: codex
  value: .agents/skills/go-edit-cobra/reference/configuration.md
  runtime: null
  scope: project
  owners:
  - ngicks/agents-package/skills/go-edit-cobra
  active_owner: ngicks/agents-package/skills/go-edit-cobra
  content_hash: sha256:f7f96ed5959a4b27d2895ff9e79e3dc17786bc0a79fb4e56f3fe82e295e04f2f
- kind: project-relative
  target: codex
  value: .agents/skills/go-edit-cobra/reference/layout-and-naming.md
  runtime: null
  scope: project
  owners:
  - ngicks/agents-package/skills/go-edit-cobra
  active_owner: ngicks/agents-package/skills/go-edit-cobra
  content_hash: sha256:f0584a8ed19c7beef252bb031959c3a00428becae92a8a5d85b9cd3a06a50097
- kind: project-relative
  target: codex
  value: .agents/skills/go-edit-cobra/reference/versioning.md
  runtime: null
  scope: project
  owners:
  - ngicks/agents-package/skills/go-edit-cobra
  active_owner: ngicks/agents-package/skills/go-edit-cobra
  content_hash: sha256:4133c288ba645b35dc0c3e3c097cdce46a82915ff0de1c2d5ce81d5f7d8aa6ca
- kind: project-relative
  target: codex
  value: .agents/skills/go-edit-cobra/reference/workflows.md
  runtime: null
  scope: project
  owners:
  - ngicks/agents-package/skills/go-edit-cobra
  active_owner: ngicks/agents-package/skills/go-edit-cobra
  content_hash: sha256:fd4d56982020fdc71ce2c1dd098963669a82b9d3f5e4b55dfadc3d12bce66ffb
- kind: project-relative
  target: codex
  value: .agents/skills/go-review-checklist
  runtime: null
  scope: project
  owners:
  - ngicks/agents-package/skills/go-review-checklist
  active_owner: ngicks/agents-package/skills/go-review-checklist
  content_hash: null
- kind: project-relative
  target: codex
  value: .agents/skills/go-review-checklist/SKILL.md
  runtime: null
  scope: project
  owners:
  - ngicks/agents-package/skills/go-review-checklist
  active_owner: ngicks/agents-package/skills/go-review-checklist
  content_hash: sha256:52de3b2cd7351578e72c38574090e75054032a3cfa9b61a4afcff090d1897fd5
- kind: project-relative
  target: codex
  value: .agents/skills/ng-command-invoker
  runtime: null
  scope: project
  owners:
  - ngicks/agents-package/apm-package/cc-workers
  active_owner: ngicks/agents-package/apm-package/cc-workers
  content_hash: null
- kind: project-relative
  target: codex
  value: .agents/skills/ng-command-invoker/SKILL.md
  runtime: null
  scope: project
  owners:
  - ngicks/agents-package/apm-package/cc-workers
  active_owner: ngicks/agents-package/apm-package/cc-workers
  content_hash: sha256:f4048af82a2d5836b9ac77dbcdfd010ced96708476972c122fb55d18f6e16942
- kind: project-relative
  target: codex
  value: .agents/skills/ng-explorer
  runtime: null
  scope: project
  owners:
  - ngicks/agents-package/apm-package/cc-workers
  active_owner: ngicks/agents-package/apm-package/cc-workers
  content_hash: null
- kind: project-relative
  target: codex
  value: .agents/skills/ng-explorer/SKILL.md
  runtime: null
  scope: project
  owners:
  - ngicks/agents-package/apm-package/cc-workers
  active_owner: ngicks/agents-package/apm-package/cc-workers
  content_hash: sha256:c9c1de9dbee6bfc8a3111bdffd456357c642434ef32a2276e085098eefdbf93e
- kind: project-relative
  target: codex
  value: .agents/skills/ng-implementer
  runtime: null
  scope: project
  owners:
  - ngicks/agents-package/apm-package/cc-workers
  active_owner: ngicks/agents-package/apm-package/cc-workers
  content_hash: null
- kind: project-relative
  target: codex
  value: .agents/skills/ng-implementer/SKILL.md
  runtime: null
  scope: project
  owners:
  - ngicks/agents-package/apm-package/cc-workers
  active_owner: ngicks/agents-package/apm-package/cc-workers
  content_hash: sha256:36621805618a2911886ac2f1270142828ac13257c9fc5f5445e24fecd60117d0
- kind: project-relative
  target: codex
  value: .agents/skills/ng-orchestrator
  runtime: null
  scope: project
  owners:
  - ngicks/agents-package/apm-package/cc-workers
  active_owner: ngicks/agents-package/apm-package/cc-workers
  content_hash: null
- kind: project-relative
  target: codex
  value: .agents/skills/ng-orchestrator/SKILL.md
  runtime: null
  scope: project
  owners:
  - ngicks/agents-package/apm-package/cc-workers
  active_owner: ngicks/agents-package/apm-package/cc-workers
  content_hash: sha256:0895ba83f8e703f424917d28ff7862369070e7e84cd8f18cf5c0a8ea44f3219a
- kind: project-relative
  target: codex
  value: .agents/skills/ng-reviewer
  runtime: null
  scope: project
  owners:
  - ngicks/agents-package/apm-package/cc-workers
  active_owner: ngicks/agents-package/apm-package/cc-workers
  content_hash: null
- kind: project-relative
  target: codex
  value: .agents/skills/ng-reviewer/SKILL.md
  runtime: null
  scope: project
  owners:
  - ngicks/agents-package/apm-package/cc-workers
  active_owner: ngicks/agents-package/apm-package/cc-workers
  content_hash: sha256:2f41acb378c29bb09c4ca1412311271ea331a3076cf699efb3bf433e69a73513
- kind: project-relative
  target: codex
  value: .agents/skills/ngplan
  runtime: null
  scope: project
  owners:
  - ngicks/agents-package/skills/ngplan
  active_owner: ngicks/agents-package/skills/ngplan
  content_hash: null
- kind: project-relative
  target: codex
  value: .agents/skills/ngplan/SKILL.md
  runtime: null
  scope: project
  owners:
  - ngicks/agents-package/skills/ngplan
  active_owner: ngicks/agents-package/skills/ngplan
  content_hash: sha256:ec573a5b5d0b6c61e0738c91c8d768953af9d407b86f122113b3d8b9ca07d7a0
- kind: project-relative
  target: codex
  value: .codex/agents/ng-command-invoker.toml
  runtime: null
  scope: project
  owners:
  - ngicks/agents-package/apm-package/cc-workers
  active_owner: ngicks/agents-package/apm-package/cc-workers
  content_hash: sha256:71e65ace87b27b4fea573f0ffe84ce99652a33b0cab540b4f65e959b4489ac6b
- kind: project-relative
  target: codex
  value: .codex/agents/ng-explorer.toml
  runtime: null
  scope: project
  owners:
  - ngicks/agents-package/apm-package/cc-workers
  active_owner: ngicks/agents-package/apm-package/cc-workers
  content_hash: sha256:9937070e48601b6356021b525856f4e7b95f3fc93b6e239fca5c06091b98279c
- kind: project-relative
  target: codex
  value: .codex/agents/ng-implementer.toml
  runtime: null
  scope: project
  owners:
  - ngicks/agents-package/apm-package/cc-workers
  active_owner: ngicks/agents-package/apm-package/cc-workers
  content_hash: sha256:b4e25d1e0bc34c2682409ef73e5c636f332e08c66c29a00422e30da10d349950
- kind: project-relative
  target: codex
  value: .codex/agents/ng-reviewer.toml
  runtime: null
  scope: project
  owners:
  - ngicks/agents-package/apm-package/cc-workers
  active_owner: ngicks/agents-package/apm-package/cc-workers
  content_hash: sha256:9d14ee18cc710b34acaa1c44cdbc9c5dbb7ee9897ec0ebf4a82313a16eec325d
- kind: project-relative
  target: codex
  value: .codex/agents/ng-test-runner.toml
  runtime: null
  scope: project
  owners:
  - ngicks/agents-package/apm-package/cc-workers
  active_owner: ngicks/agents-package/apm-package/cc-workers
  content_hash: sha256:e121ea80d32dfd1c23fb4b17bbeb70a6a1b458d4a840db915a9e6300527ba3c2
